<?xml version="1.0" encoding="UTF-8"?>
<Scheme
   LastUpgradeVersion = "9999"
   version = "1.3">
   <BuildAction
      parallelizeBuildables = "YES"
      buildImplicitDependencies = "YES">
      <BuildActionEntries>
         <BuildActionEntry
            buildForTesting = "YES"
            buildForRunning = "YES"
            buildForProfiling = "YES"
            buildForArchiving = "YES"
            buildForAnalyzing = "YES">
            <BuildableReference
               BuildableIdentifier = "primary"
               BlueprintIdentifier = "swiftrewriter::Analysis"
               BuildableName = "Analysis.framework"
               BlueprintName = "Analysis"
               ReferencedContainer = "container:SwiftRewriter.xcodeproj">
            </BuildableReference>
         </BuildActionEntry>
         <BuildActionEntry
            buildForTesting = "YES"
            buildForRunning = "YES"
            buildForProfiling = "YES"
            buildForArchiving = "YES"
            buildForAnalyzing = "YES">
            <BuildableReference
               BuildableIdentifier = "primary"
               BlueprintIdentifier = "swiftrewriter::AntlrCommons"
               BuildableName = "AntlrCommons.framework"
               BlueprintName = "AntlrCommons"
               ReferencedContainer = "container:SwiftRewriter.xcodeproj">
            </BuildableReference>
         </BuildActionEntry>
         <BuildActionEntry
            buildForTesting = "YES"
            buildForRunning = "YES"
            buildForProfiling = "YES"
            buildForArchiving = "YES"
            buildForAnalyzing = "YES">
            <BuildableReference
               BuildableIdentifier = "primary"
               BlueprintIdentifier = "swiftrewriter::Commons"
               BuildableName = "Commons.framework"
               BlueprintName = "Commons"
               ReferencedContainer = "container:SwiftRewriter.xcodeproj">
            </BuildableReference>
         </BuildActionEntry>
         <BuildActionEntry
            buildForTesting = "YES"
            buildForRunning = "YES"
            buildForProfiling = "YES"
            buildForArchiving = "YES"
            buildForAnalyzing = "YES">
            <BuildableReference
               BuildableIdentifier = "primary"
               BlueprintIdentifier = "swiftrewriter::ExpressionPasses"
               BuildableName = "ExpressionPasses.framework"
               BlueprintName = "ExpressionPasses"
               ReferencedContainer = "container:SwiftRewriter.xcodeproj">
            </BuildableReference>
         </BuildActionEntry>
         <BuildActionEntry
            buildForTesting = "YES"
            buildForRunning = "YES"
            buildForProfiling = "YES"
            buildForArchiving = "YES"
            buildForAnalyzing = "YES">
            <BuildableReference
               BuildableIdentifier = "primary"
               BlueprintIdentifier = "swiftrewriter::GlobalsProviders"
               BuildableName = "GlobalsProviders.framework"
               BlueprintName = "GlobalsProviders"
               ReferencedContainer = "container:SwiftRewriter.xcodeproj">
            </BuildableReference>
         </BuildActionEntry>
         <BuildActionEntry
            buildForTesting = "YES"
            buildForRunning = "YES"
            buildForProfiling = "YES"
            buildForArchiving = "YES"
            buildForAnalyzing = "YES">
            <BuildableReference
               BuildableIdentifier = "primary"
               BlueprintIdentifier = "swiftrewriter::GrammarModelBase"
               BuildableName = "GrammarModelBase.framework"
               BlueprintName = "GrammarModelBase"
               ReferencedContainer = "container:SwiftRewriter.xcodeproj">
            </BuildableReference>
         </BuildActionEntry>
         <BuildActionEntry
            buildForTesting = "YES"
            buildForRunning = "YES"
            buildForProfiling = "YES"
            buildForArchiving = "YES"
            buildForAnalyzing = "YES">
            <BuildableReference
               BuildableIdentifier = "primary"
               BlueprintIdentifier = "swiftrewriter::GraphvizLib"
               BuildableName = "GraphvizLib.framework"
               BlueprintName = "GraphvizLib"
               ReferencedContainer = "container:SwiftRewriter.xcodeproj">
            </BuildableReference>
         </BuildActionEntry>
         <BuildActionEntry
            buildForTesting = "YES"
            buildForRunning = "YES"
            buildForProfiling = "YES"
            buildForArchiving = "YES"
            buildForAnalyzing = "YES">
            <BuildableReference
               BuildableIdentifier = "primary"
               BlueprintIdentifier = "swiftrewriter::IntentionPasses"
               BuildableName = "IntentionPasses.framework"
               BlueprintName = "IntentionPasses"
               ReferencedContainer = "container:SwiftRewriter.xcodeproj">
            </BuildableReference>
         </BuildActionEntry>
         <BuildActionEntry
            buildForTesting = "YES"
            buildForRunning = "YES"
            buildForProfiling = "YES"
            buildForArchiving = "YES"
            buildForAnalyzing = "YES">
            <BuildableReference
               BuildableIdentifier = "primary"
               BlueprintIdentifier = "swiftrewriter::Intentions"
               BuildableName = "Intentions.framework"
               BlueprintName = "Intentions"
               ReferencedContainer = "container:SwiftRewriter.xcodeproj">
            </BuildableReference>
         </BuildActionEntry>
         <BuildActionEntry
            buildForTesting = "YES"
            buildForRunning = "YES"
            buildForProfiling = "YES"
            buildForArchiving = "YES"
            buildForAnalyzing = "YES">
            <BuildableReference
               BuildableIdentifier = "primary"
               BlueprintIdentifier = "swiftrewriter::KnownType"
               BuildableName = "KnownType.framework"
               BlueprintName = "KnownType"
               ReferencedContainer = "container:SwiftRewriter.xcodeproj">
            </BuildableReference>
         </BuildActionEntry>
         <BuildActionEntry
            buildForTesting = "YES"
            buildForRunning = "YES"
            buildForProfiling = "YES"
            buildForArchiving = "YES"
            buildForAnalyzing = "YES">
            <BuildableReference
               BuildableIdentifier = "primary"
               BlueprintIdentifier = "swiftrewriter::ObjcGrammarModels"
               BuildableName = "ObjcGrammarModels.framework"
               BlueprintName = "ObjcGrammarModels"
               ReferencedContainer = "container:SwiftRewriter.xcodeproj">
            </BuildableReference>
         </BuildActionEntry>
         <BuildActionEntry
            buildForTesting = "YES"
            buildForRunning = "YES"
            buildForProfiling = "YES"
            buildForArchiving = "YES"
            buildForAnalyzing = "YES">
            <BuildableReference
               BuildableIdentifier = "primary"
               BlueprintIdentifier = "swiftrewriter::ObjcParser"
               BuildableName = "ObjcParser.framework"
               BlueprintName = "ObjcParser"
               ReferencedContainer = "container:SwiftRewriter.xcodeproj">
            </BuildableReference>
         </BuildActionEntry>
         <BuildActionEntry
            buildForTesting = "YES"
            buildForRunning = "YES"
            buildForProfiling = "YES"
            buildForArchiving = "YES"
            buildForAnalyzing = "YES">
            <BuildableReference
               BuildableIdentifier = "primary"
               BlueprintIdentifier = "swiftrewriter::ObjcParserAntlr"
               BuildableName = "ObjcParserAntlr.framework"
               BlueprintName = "ObjcParserAntlr"
               ReferencedContainer = "container:SwiftRewriter.xcodeproj">
            </BuildableReference>
         </BuildActionEntry>
         <BuildActionEntry
            buildForTesting = "YES"
            buildForRunning = "YES"
            buildForProfiling = "YES"
            buildForArchiving = "YES"
            buildForAnalyzing = "YES">
            <BuildableReference
               BuildableIdentifier = "primary"
               BlueprintIdentifier = "swiftrewriter::ObjectiveCFrontend"
               BuildableName = "ObjectiveCFrontend.framework"
               BlueprintName = "ObjectiveCFrontend"
               ReferencedContainer = "container:SwiftRewriter.xcodeproj">
            </BuildableReference>
         </BuildActionEntry>
         <BuildActionEntry
            buildForTesting = "YES"
            buildForRunning = "YES"
            buildForProfiling = "YES"
            buildForArchiving = "YES"
            buildForAnalyzing = "YES">
            <BuildableReference
               BuildableIdentifier = "primary"
               BlueprintIdentifier = "swiftrewriter::SourcePreprocessors"
               BuildableName = "SourcePreprocessors.framework"
               BlueprintName = "SourcePreprocessors"
               ReferencedContainer = "container:SwiftRewriter.xcodeproj">
            </BuildableReference>
         </BuildActionEntry>
         <BuildActionEntry
            buildForTesting = "YES"
            buildForRunning = "YES"
            buildForProfiling = "YES"
            buildForArchiving = "YES"
            buildForAnalyzing = "YES">
            <BuildableReference
               BuildableIdentifier = "primary"
               BlueprintIdentifier = "swiftrewriter::SwiftAST"
               BuildableName = "SwiftAST.framework"
               BlueprintName = "SwiftAST"
               ReferencedContainer = "container:SwiftRewriter.xcodeproj">
            </BuildableReference>
         </BuildActionEntry>
         <BuildActionEntry
            buildForTesting = "YES"
            buildForRunning = "YES"
            buildForProfiling = "YES"
            buildForArchiving = "YES"
            buildForAnalyzing = "YES">
            <BuildableReference
               BuildableIdentifier = "primary"
               BlueprintIdentifier = "swiftrewriter::SwiftRewriter"
               BuildableName = "SwiftRewriter"
               BlueprintName = "SwiftRewriter"
               ReferencedContainer = "container:SwiftRewriter.xcodeproj">
            </BuildableReference>
         </BuildActionEntry>
         <BuildActionEntry
            buildForTesting = "YES"
            buildForRunning = "YES"
            buildForProfiling = "YES"
            buildForArchiving = "YES"
            buildForAnalyzing = "YES">
            <BuildableReference
               BuildableIdentifier = "primary"
               BlueprintIdentifier = "swiftrewriter::SwiftRewriterCLI"
               BuildableName = "SwiftRewriterCLI.framework"
               BlueprintName = "SwiftRewriterCLI"
               ReferencedContainer = "container:SwiftRewriter.xcodeproj">
            </BuildableReference>
         </BuildActionEntry>
         <BuildActionEntry
            buildForTesting = "YES"
            buildForRunning = "YES"
            buildForProfiling = "YES"
            buildForArchiving = "YES"
            buildForAnalyzing = "YES">
            <BuildableReference
               BuildableIdentifier = "primary"
               BlueprintIdentifier = "swiftrewriter::SwiftRewriterLib"
               BuildableName = "SwiftRewriterLib.framework"
               BlueprintName = "SwiftRewriterLib"
               ReferencedContainer = "container:SwiftRewriter.xcodeproj">
            </BuildableReference>
         </BuildActionEntry>
         <BuildActionEntry
            buildForTesting = "YES"
            buildForRunning = "YES"
            buildForProfiling = "YES"
            buildForArchiving = "YES"
            buildForAnalyzing = "YES">
            <BuildableReference
               BuildableIdentifier = "primary"
               BlueprintIdentifier = "swiftrewriter::SwiftSyntaxRewriterPasses"
               BuildableName = "SwiftSyntaxRewriterPasses.framework"
               BlueprintName = "SwiftSyntaxRewriterPasses"
               ReferencedContainer = "container:SwiftRewriter.xcodeproj">
            </BuildableReference>
         </BuildActionEntry>
         <BuildActionEntry
            buildForTesting = "YES"
            buildForRunning = "YES"
            buildForProfiling = "YES"
            buildForArchiving = "YES"
            buildForAnalyzing = "YES">
            <BuildableReference
               BuildableIdentifier = "primary"
               BlueprintIdentifier = "swiftrewriter::SwiftSyntaxSupport"
               BuildableName = "SwiftSyntaxSupport.framework"
               BlueprintName = "SwiftSyntaxSupport"
               ReferencedContainer = "container:SwiftRewriter.xcodeproj">
            </BuildableReference>
         </BuildActionEntry>
         <BuildActionEntry
            buildForTesting = "YES"
            buildForRunning = "YES"
            buildForProfiling = "YES"
            buildForArchiving = "YES"
            buildForAnalyzing = "YES">
            <BuildableReference
               BuildableIdentifier = "primary"
               BlueprintIdentifier = "swiftrewriter::TestCommons"
               BuildableName = "TestCommons.framework"
               BlueprintName = "TestCommons"
               ReferencedContainer = "container:SwiftRewriter.xcodeproj">
            </BuildableReference>
         </BuildActionEntry>
         <BuildActionEntry
            buildForTesting = "YES"
            buildForRunning = "YES"
            buildForProfiling = "YES"
            buildForArchiving = "YES"
            buildForAnalyzing = "YES">
            <BuildableReference
               BuildableIdentifier = "primary"
               BlueprintIdentifier = "swiftrewriter::TypeDefinitions"
               BuildableName = "TypeDefinitions.framework"
               BlueprintName = "TypeDefinitions"
               ReferencedContainer = "container:SwiftRewriter.xcodeproj">
            </BuildableReference>
         </BuildActionEntry>
         <BuildActionEntry
            buildForTesting = "YES"
            buildForRunning = "YES"
            buildForProfiling = "YES"
            buildForArchiving = "YES"
            buildForAnalyzing = "YES">
            <BuildableReference
               BuildableIdentifier = "primary"
               BlueprintIdentifier = "swiftrewriter::TypeSystem"
               BuildableName = "TypeSystem.framework"
               BlueprintName = "TypeSystem"
               ReferencedContainer = "container:SwiftRewriter.xcodeproj">
            </BuildableReference>
         </BuildActionEntry>
         <BuildActionEntry
            buildForTesting = "YES"
            buildForRunning = "YES"
            buildForProfiling = "YES"
            buildForArchiving = "YES"
            buildForAnalyzing = "YES">
            <BuildableReference
               BuildableIdentifier = "primary"
               BlueprintIdentifier = "swiftrewriter::Utils"
               BuildableName = "Utils.framework"
               BlueprintName = "Utils"
               ReferencedContainer = "container:SwiftRewriter.xcodeproj">
            </BuildableReference>
         </BuildActionEntry>
         <BuildActionEntry
            buildForTesting = "YES"
            buildForRunning = "YES"
            buildForProfiling = "YES"
            buildForArchiving = "YES"
            buildForAnalyzing = "YES">
            <BuildableReference
               BuildableIdentifier = "primary"
               BlueprintIdentifier = "swiftrewriter::WriterTargetOutput"
               BuildableName = "WriterTargetOutput.framework"
               BlueprintName = "WriterTargetOutput"
               ReferencedContainer = "container:SwiftRewriter.xcodeproj">
            </BuildableReference>
         </BuildActionEntry>
      </BuildActionEntries>
   </BuildAction>
   <TestAction
      buildConfiguration = "Debug"
      selectedDebuggerIdentifier = "Xcode.DebuggerFoundation.Debugger.LLDB"
      selectedLauncherIdentifier = "Xcode.DebuggerFoundation.Launcher.LLDB"
      shouldUseLaunchSchemeArgsEnv = "YES"
      codeCoverageEnabled = "YES">
      <Testables>
         <TestableReference
            skipped = "NO">
            <BuildableReference
               BuildableIdentifier = "primary"
               BlueprintIdentifier = "swiftrewriter::AnalysisTests"
               BuildableName = "AnalysisTests.xctest"
               BlueprintName = "AnalysisTests"
               ReferencedContainer = "container:SwiftRewriter.xcodeproj">
            </BuildableReference>
         </TestableReference>
         <TestableReference
            skipped = "NO">
            <BuildableReference
               BuildableIdentifier = "primary"
               BlueprintIdentifier = "swiftrewriter::CommonsTests"
               BuildableName = "CommonsTests.xctest"
               BlueprintName = "CommonsTests"
               ReferencedContainer = "container:SwiftRewriter.xcodeproj">
            </BuildableReference>
         </TestableReference>
         <TestableReference
            skipped = "NO">
            <BuildableReference
               BuildableIdentifier = "primary"
               BlueprintIdentifier = "swiftrewriter::ExpressionPassesTests"
               BuildableName = "ExpressionPassesTests.xctest"
               BlueprintName = "ExpressionPassesTests"
               ReferencedContainer = "container:SwiftRewriter.xcodeproj">
            </BuildableReference>
         </TestableReference>
         <TestableReference
            skipped = "NO">
            <BuildableReference
               BuildableIdentifier = "primary"
               BlueprintIdentifier = "swiftrewriter::GlobalsProvidersTests"
               BuildableName = "GlobalsProvidersTests.xctest"
               BlueprintName = "GlobalsProvidersTests"
               ReferencedContainer = "container:SwiftRewriter.xcodeproj">
            </BuildableReference>
         </TestableReference>
         <TestableReference
            skipped = "NO">
            <BuildableReference
               BuildableIdentifier = "primary"
               BlueprintIdentifier = "swiftrewriter::GrammarModelBaseTests"
               BuildableName = "GrammarModelBaseTests.xctest"
               BlueprintName = "GrammarModelBaseTests"
               ReferencedContainer = "container:SwiftRewriter.xcodeproj">
            </BuildableReference>
         </TestableReference>
         <TestableReference
            skipped = "NO">
            <BuildableReference
               BuildableIdentifier = "primary"
               BlueprintIdentifier = "swiftrewriter::GraphvizLibTests"
               BuildableName = "GraphvizLibTests.xctest"
               BlueprintName = "GraphvizLibTests"
               ReferencedContainer = "container:SwiftRewriter.xcodeproj">
            </BuildableReference>
         </TestableReference>
         <TestableReference
            skipped = "NO">
            <BuildableReference
               BuildableIdentifier = "primary"
               BlueprintIdentifier = "swiftrewriter::IntentionPassesTests"
               BuildableName = "IntentionPassesTests.xctest"
               BlueprintName = "IntentionPassesTests"
               ReferencedContainer = "container:SwiftRewriter.xcodeproj">
            </BuildableReference>
         </TestableReference>
         <TestableReference
            skipped = "NO">
            <BuildableReference
               BuildableIdentifier = "primary"
               BlueprintIdentifier = "swiftrewriter::IntentionsTests"
               BuildableName = "IntentionsTests.xctest"
               BlueprintName = "IntentionsTests"
               ReferencedContainer = "container:SwiftRewriter.xcodeproj">
            </BuildableReference>
         </TestableReference>
         <TestableReference
            skipped = "NO">
            <BuildableReference
               BuildableIdentifier = "primary"
               BlueprintIdentifier = "swiftrewriter::KnownTypeTests"
               BuildableName = "KnownTypeTests.xctest"
               BlueprintName = "KnownTypeTests"
               ReferencedContainer = "container:SwiftRewriter.xcodeproj">
            </BuildableReference>
         </TestableReference>
         <TestableReference
            skipped = "NO">
            <BuildableReference
               BuildableIdentifier = "primary"
               BlueprintIdentifier = "swiftrewriter::ObjcGrammarModelsTests"
               BuildableName = "ObjcGrammarModelsTests.xctest"
               BlueprintName = "ObjcGrammarModelsTests"
               ReferencedContainer = "container:SwiftRewriter.xcodeproj">
            </BuildableReference>
         </TestableReference>
         <TestableReference
            skipped = "NO">
            <BuildableReference
               BuildableIdentifier = "primary"
               BlueprintIdentifier = "swiftrewriter::ObjcParserTests"
               BuildableName = "ObjcParserTests.xctest"
               BlueprintName = "ObjcParserTests"
               ReferencedContainer = "container:SwiftRewriter.xcodeproj">
            </BuildableReference>
         </TestableReference>
         <TestableReference
            skipped = "NO">
            <BuildableReference
               BuildableIdentifier = "primary"
               BlueprintIdentifier = "swiftrewriter::ObjectiveCFrontendTests"
               BuildableName = "ObjectiveCFrontendTests.xctest"
               BlueprintName = "ObjectiveCFrontendTests"
               ReferencedContainer = "container:SwiftRewriter.xcodeproj">
            </BuildableReference>
         </TestableReference>
         <TestableReference
            skipped = "NO">
            <BuildableReference
               BuildableIdentifier = "primary"
               BlueprintIdentifier = "swiftrewriter::SourcePreprocessorsTests"
               BuildableName = "SourcePreprocessorsTests.xctest"
               BlueprintName = "SourcePreprocessorsTests"
               ReferencedContainer = "container:SwiftRewriter.xcodeproj">
            </BuildableReference>
         </TestableReference>
         <TestableReference
            skipped = "NO">
            <BuildableReference
               BuildableIdentifier = "primary"
               BlueprintIdentifier = "swiftrewriter::SwiftASTTests"
               BuildableName = "SwiftASTTests.xctest"
               BlueprintName = "SwiftASTTests"
               ReferencedContainer = "container:SwiftRewriter.xcodeproj">
            </BuildableReference>
         </TestableReference>
         <TestableReference
            skipped = "NO">
            <BuildableReference
               BuildableIdentifier = "primary"
               BlueprintIdentifier = "swiftrewriter::SwiftRewriterLibTests"
               BuildableName = "SwiftRewriterLibTests.xctest"
               BlueprintName = "SwiftRewriterLibTests"
               ReferencedContainer = "container:SwiftRewriter.xcodeproj">
            </BuildableReference>
         </TestableReference>
         <TestableReference
            skipped = "NO">
            <BuildableReference
               BuildableIdentifier = "primary"
               BlueprintIdentifier = "swiftrewriter::SwiftRewriterTests"
               BuildableName = "SwiftRewriterTests.xctest"
               BlueprintName = "SwiftRewriterTests"
               ReferencedContainer = "container:SwiftRewriter.xcodeproj">
            </BuildableReference>
         </TestableReference>
         <TestableReference
            skipped = "NO">
            <BuildableReference
               BuildableIdentifier = "primary"
               BlueprintIdentifier = "swiftrewriter::SwiftSyntaxRewriterPassesTests"
               BuildableName = "SwiftSyntaxRewriterPassesTests.xctest"
               BlueprintName = "SwiftSyntaxRewriterPassesTests"
               ReferencedContainer = "container:SwiftRewriter.xcodeproj">
            </BuildableReference>
         </TestableReference>
         <TestableReference
            skipped = "NO">
            <BuildableReference
               BuildableIdentifier = "primary"
               BlueprintIdentifier = "swiftrewriter::SwiftSyntaxSupportTests"
               BuildableName = "SwiftSyntaxSupportTests.xctest"
               BlueprintName = "SwiftSyntaxSupportTests"
               ReferencedContainer = "container:SwiftRewriter.xcodeproj">
            </BuildableReference>
         </TestableReference>
         <TestableReference
            skipped = "NO">
            <BuildableReference
               BuildableIdentifier = "primary"
               BlueprintIdentifier = "swiftrewriter::TestCommonsTests"
               BuildableName = "TestCommonsTests.xctest"
               BlueprintName = "TestCommonsTests"
               ReferencedContainer = "container:SwiftRewriter.xcodeproj">
            </BuildableReference>
         </TestableReference>
         <TestableReference
            skipped = "NO">
            <BuildableReference
               BuildableIdentifier = "primary"
               BlueprintIdentifier = "swiftrewriter::TypeSystemTests"
               BuildableName = "TypeSystemTests.xctest"
               BlueprintName = "TypeSystemTests"
               ReferencedContainer = "container:SwiftRewriter.xcodeproj">
            </BuildableReference>
         </TestableReference>
         <TestableReference
            skipped = "NO">
            <BuildableReference
               BuildableIdentifier = "primary"
               BlueprintIdentifier = "swiftrewriter::UtilsTests"
               BuildableName = "UtilsTests.xctest"
               BlueprintName = "UtilsTests"
               ReferencedContainer = "container:SwiftRewriter.xcodeproj">
            </BuildableReference>
         </TestableReference>
         <TestableReference
            skipped = "NO">
            <BuildableReference
               BuildableIdentifier = "primary"
               BlueprintIdentifier = "swiftrewriter::WriterTargetOutputTests"
               BuildableName = "WriterTargetOutputTests.xctest"
               BlueprintName = "WriterTargetOutputTests"
               ReferencedContainer = "container:SwiftRewriter.xcodeproj">
            </BuildableReference>
         </TestableReference>
      </Testables>
   </TestAction>
   <LaunchAction
      buildConfiguration = "Debug"
      selectedDebuggerIdentifier = "Xcode.DebuggerFoundation.Debugger.LLDB"
      selectedLauncherIdentifier = "Xcode.DebuggerFoundation.Launcher.LLDB"
      launchStyle = "0"
      useCustomWorkingDirectory = "NO"
      ignoresPersistentStateOnLaunch = "NO"
      debugDocumentVersioning = "YES"
      debugServiceExtension = "internal"
      allowLocationSimulation = "YES">
   </LaunchAction>
   <ProfileAction
      buildConfiguration = "Release"
      shouldUseLaunchSchemeArgsEnv = "YES"
      savedToolIdentifier = ""
      useCustomWorkingDirectory = "NO"
      debugDocumentVersioning = "YES">
   </ProfileAction>
   <AnalyzeAction
      buildConfiguration = "Debug">
   </AnalyzeAction>
   <ArchiveAction
      buildConfiguration = "Release"
      revealArchiveInOrganizer = "YES">
   </ArchiveAction>
</Scheme>
